
Microsoft Visual Studio Solution File, Format Version 12.00
# Visual Studio Version 16
VisualStudioVersion = 16.0.29102.190
MinimumVisualStudioVersion = 10.0.40219.1
Project("{F14B399A-7131-4C87-9E4B-1186C45EF12D}") = "MyFirstSSRSReport", "MyFirstSSRSReport\MyFirstSSRSReport.rptproj", "{A42D4FA5-6DEA-4FE8-B56D-9049E485266F}"
EndProject
Global
	GlobalSection(SolutionConfigurationPlatforms) = preSolution
		Debug|Default = Debug|Default
		DebugLocal|Default = DebugLocal|Default
		Release|Default = Release|Default
	EndGlobalSection
	GlobalSection(ProjectConfigurationPlatforms) = postSolution
		{A42D4FA5-6DEA-4FE8-B56D-9049E485266F}.Debug|Default.ActiveCfg = Debug
		{A42D4FA5-6DEA-4FE8-B56D-9049E485266F}.Debug|Default.Build.0 = Debug
		{A42D4FA5-6DEA-4FE8-B56D-9049E485266F}.Debug|Default.Deploy.0 = Debug
		{A42D4FA5-6DEA-4FE8-B56D-9049E485266F}.DebugLocal|Default.ActiveCfg = DebugLocal
		{A42D4FA5-6DEA-4FE8-B56D-9049E485266F}.DebugLocal|Default.Build.0 = DebugLocal
		{A42D4FA5-6DEA-4FE8-B56D-9049E485266F}.Release|Default.ActiveCfg = Release
		{A42D4FA5-6DEA-4FE8-B56D-9049E485266F}.Release|Default.Build.0 = Release
		{A42D4FA5-6DEA-4FE8-B56D-9049E485266F}.Release|Default.Deploy.0 = Release
	EndGlobalSection
	GlobalSection(SolutionProperties) = preSolution
		HideSolutionNode = FALSE
	EndGlobalSection
	GlobalSection(ExtensibilityGlobals) = postSolution
		SolutionGuid = {90CB089D-0301-4F20-A46E-89EFC4E0028E}
	EndGlobalSection
EndGlobal
